// !$*UTF8*$!
{
	archiveVersion = 1;
	classes = {
	};
	objectVersion = 48;
	objects = {

/* Begin PBXBuildFile section */
		E4A778001FB845AE00753BAF /* View2Controller.swift in Sources */ = {isa = PBXBuildFile; fileRef = E4A777FF1FB845AE00753BAF /* View2Controller.swift */; };
		E4A778021FB84AB400753BAF /* SelectViewController.swift in Sources */ = {isa = PBXBuildFile; fileRef = E4A778011FB84AB400753BAF /* SelectViewController.swift */; };
		E4A778041FB84FBA00753BAF /* MathsChoiceViewController.swift in Sources */ = {isa = PBXBuildFile; fileRef = E4A778031FB84FBA00753BAF /* MathsChoiceViewController.swift */; };
		E4A778061FB84FCE00753BAF /* GKChoiceViewController.swift in Sources */ = {isa = PBXBuildFile; fileRef = E4A778051FB84FCE00753BAF /* GKChoiceViewController.swift */; };
		E4B34B611FB8B0430093D947 /* right.mp3 in Resources */ = {isa = PBXBuildFile; fileRef = E4B34B601FB8B0430093D947 /* right.mp3 */; };
		E4B34B671FB8BA270093D947 /* wrong1.mp3 in Resources */ = {isa = PBXBuildFile; fileRef = E4B34B661FB8BA270093D947 /* wrong1.mp3 */; };
		E4B34B681FB8BC7D0093D947 /* MainViewController.swift in Sources */ = {isa = PBXBuildFile; fileRef = E4A778071FB8518800753BAF /* MainViewController.swift */; };
		E4B397181FB84311002C5C01 /* AppDelegate.swift in Sources */ = {isa = PBXBuildFile; fileRef = E4B397171FB84311002C5C01 /* AppDelegate.swift */; };
		E4B3971A1FB84311002C5C01 /* ViewController.swift in Sources */ = {isa = PBXBuildFile; fileRef = E4B397191FB84311002C5C01 /* ViewController.swift */; };
		E4B3971D1FB84311002C5C01 /* Main.storyboard in Resources */ = {isa = PBXBuildFile; fileRef = E4B3971B1FB84311002C5C01 /* Main.storyboard */; };
		E4B3971F1FB84311002C5C01 /* Assets.xcassets in Resources */ = {isa = PBXBuildFile; fileRef = E4B3971E1FB84311002C5C01 /* Assets.xcassets */; };
		E4B397221FB84311002C5C01 /* LaunchScreen.storyboard in Resources */ = {isa = PBXBuildFile; fileRef = E4B397201FB84311002C5C01 /* LaunchScreen.storyboard */; };
		E4B3972D1FB84311002C5C01 /* Brain_MasterTests.swift in Sources */ = {isa = PBXBuildFile; fileRef = E4B3972C1FB84311002C5C01 /* Brain_MasterTests.swift */; };
		E4B397381FB84311002C5C01 /* Brain_MasterUITests.swift in Sources */ = {isa = PBXBuildFile; fileRef = E4B397371FB84311002C5C01 /* Brain_MasterUITests.swift */; };
/* End PBXBuildFile section */

/* Begin PBXContainerItemProxy section */
		E4B397291FB84311002C5C01 /* PBXContainerItemProxy */ = {
			isa = PBXContainerItemProxy;
			containerPortal = E4B3970C1FB84311002C5C01 /* Project object */;
			proxyType = 1;
			remoteGlobalIDString = E4B397131FB84311002C5C01;
			remoteInfo = "Brain Master";
		};
		E4B397341FB84311002C5C01 /* PBXContainerItemProxy */ = {
			isa = PBXContainerItemProxy;
			containerPortal = E4B3970C1FB84311002C5C01 /* Project object */;
			proxyType = 1;
			remoteGlobalIDString = E4B397131FB84311002C5C01;
			remoteInfo = "Brain Master";
		};
/* End PBXContainerItemProxy section */

/* Begin PBXFileReference section */
		E4A777FF1FB845AE00753BAF /* View2Controller.swift */ = {isa = PBXFileReference; lastKnownFileType = sourcecode.swift; path = View2Controller.swift; sourceTree = "<group>"; };
		E4A778011FB84AB400753BAF /* SelectViewController.swift */ = {isa = PBXFileReference; lastKnownFileType = sourcecode.swift; path = SelectViewController.swift; sourceTree = "<group>"; };
		E4A778031FB84FBA00753BAF /* MathsChoiceViewController.swift */ = {isa = PBXFileReference; lastKnownFileType = sourcecode.swift; path = MathsChoiceViewController.swift; sourceTree = "<group>"; };
		E4A778051FB84FCE00753BAF /* GKChoiceViewController.swift */ = {isa = PBXFileReference; lastKnownFileType = sourcecode.swift; path = GKChoiceViewController.swift; sourceTree = "<group>"; };
		E4A778071FB8518800753BAF /* MainViewController.swift */ = {isa = PBXFileReference; lastKnownFileType = sourcecode.swift; path = MainViewController.swift; sourceTree = "<group>"; };
		E4B34B601FB8B0430093D947 /* right.mp3 */ = {isa = PBXFileReference; lastKnownFileType = audio.mp3; path = right.mp3; sourceTree = "<group>"; };
		E4B34B661FB8BA270093D947 /* wrong1.mp3 */ = {isa = PBXFileReference; lastKnownFileType = audio.mp3; path = wrong1.mp3; sourceTree = "<group>"; };
		E4B397141FB84311002C5C01 /* Brain Master.app */ = {isa = PBXFileReference; explicitFileType = wrapper.application; includeInIndex = 0; path = "Brain Master.app"; sourceTree = BUILT_PRODUCTS_DIR; };
		E4B397171FB84311002C5C01 /* AppDelegate.swift */ = {isa = PBXFileReference; lastKnownFileType = sourcecode.swift; path = AppDelegate.swift; sourceTree = "<group>"; };
		E4B397191FB84311002C5C01 /* ViewController.swift */ = {isa = PBXFileReference; lastKnownFileType = sourcecode.swift; path = ViewController.swift; sourceTree = "<group>"; };
		E4B3971C1FB84311002C5C01 /* Base */ = {isa = PBXFileReference; lastKnownFileType = file.storyboard; name = Base; path = Base.lproj/Main.storyboard; sourceTree = "<group>"; };
		E4B3971E1FB84311002C5C01 /* Assets.xcassets */ = {isa = PBXFileReference; lastKnownFileType = folder.assetcatalog; path = Assets.xcassets; sourceTree = "<group>"; };
		E4B397211FB84311002C5C01 /* Base */ = {isa = PBXFileReference; lastKnownFileType = file.storyboard; name = Base; path = Base.lproj/LaunchScreen.storyboard; sourceTree = "<group>"; };
		E4B397231FB84311002C5C01 /* Info.plist */ = {isa = PBXFileReference; lastKnownFileType = text.plist.xml; path = Info.plist; sourceTree = "<group>"; };
		E4B397281FB84311002C5C01 /* Brain MasterTests.xctest */ = {isa = PBXFileReference; explicitFileType = wrapper.cfbundle; includeInIndex = 0; path = "Brain MasterTests.xctest"; sourceTree = BUILT_PRODUCTS_DIR; };
		E4B3972C1FB84311002C5C01 /* Brain_MasterTests.swift */ = {isa = PBXFileReference; lastKnownFileType = sourcecode.swift; path = Brain_MasterTests.swift; sourceTree = "<group>"; };
		E4B3972E1FB84311002C5C01 /* Info.plist */ = {isa = PBXFileReference; lastKnownFileType = text.plist.xml; path = Info.plist; sourceTree = "<group>"; };
		E4B397331FB84311002C5C01 /* Brain MasterUITests.xctest */ = {isa = PBXFileReference; explicitFileType = wrapper.cfbundle; includeInIndex = 0; path = "Brain MasterUITests.xctest"; sourceTree = BUILT_PRODUCTS_DIR; };
		E4B397371FB84311002C5C01 /* Brain_MasterUITests.swift */ = {isa = PBXFileReference; lastKnownFileType = sourcecode.swift; path = Brain_MasterUITests.swift; sourceTree = "<group>"; };
		E4B397391FB84311002C5C01 /* Info.plist */ = {isa = PBXFileReference; lastKnownFileType = text.plist.xml; path = Info.plist; sourceTree = "<group>"; };
/* End PBXFileReference section */

/* Begin PBXFrameworksBuildPhase section */
		E4B397111FB84311002C5C01 /* Frameworks */ = {
			isa = PBXFrameworksBuildPhase;
			buildActionMask = 2147483647;
			files = (
			);
			runOnlyForDeploymentPostprocessing = 0;
		};
		E4B397251FB84311002C5C01 /* Frameworks */ = {
			isa = PBXFrameworksBuildPhase;
			buildActionMask = 2147483647;
			files = (
			);
			runOnlyForDeploymentPostprocessing = 0;
		};
		E4B397301FB84311002C5C01 /* Frameworks */ = {
			isa = PBXFrameworksBuildPhase;
			buildActionMask = 2147483647;
			files = (
			);
			runOnlyForDeploymentPostprocessing = 0;
		};
/* End PBXFrameworksBuildPhase section */

/* Begin PBXGroup section */
		E4B34B5F1FB8AFCF0093D947 /* music */ = {
			isa = PBXGroup;
			children = (
				E4B34B661FB8BA270093D947 /* wrong1.mp3 */,
				E4B34B601FB8B0430093D947 /* right.mp3 */,
			);
			path = music;
			sourceTree = "<group>";
		};
		E4B3970B1FB84311002C5C01 = {
			isa = PBXGroup;
			children = (
				E4B397161FB84311002C5C01 /* Brain Master */,
				E4B3972B1FB84311002C5C01 /* Brain MasterTests */,
				E4B397361FB84311002C5C01 /* Brain MasterUITests */,
				E4B397151FB84311002C5C01 /* Products */,
			);
			sourceTree = "<group>";
		};
		E4B397151FB84311002C5C01 /* Products */ = {
			isa = PBXGroup;
			children = (
				E4B397141FB84311002C5C01 /* Brain Master.app */,
				E4B397281FB84311002C5C01 /* Brain MasterTests.xctest */,
				E4B397331FB84311002C5C01 /* Brain MasterUITests.xctest */,
			);
			name = Products;
			sourceTree = "<group>";
		};
		E4B397161FB84311002C5C01 /* Brain Master */ = {
			isa = PBXGroup;
			children = (
				E4B397171FB84311002C5C01 /* AppDelegate.swift */,
				E4B397191FB84311002C5C01 /* ViewController.swift */,
				E4A777FF1FB845AE00753BAF /* View2Controller.swift */,
				E4A778011FB84AB400753BAF /* SelectViewController.swift */,
				E4A778031FB84FBA00753BAF /* MathsChoiceViewController.swift */,
				E4A778051FB84FCE00753BAF /* GKChoiceViewController.swift */,
				E4A778071FB8518800753BAF /* MainViewController.swift */,
				E4B3971B1FB84311002C5C01 /* Main.storyboard */,
				E4B3971E1FB84311002C5C01 /* Assets.xcassets */,
				E4B397201FB84311002C5C01 /* LaunchScreen.storyboard */,
				E4B397231FB84311002C5C01 /* Info.plist */,
				E4B34B5F1FB8AFCF0093D947 /* music */,
			);
			path = "Brain Master";
			sourceTree = "<group>";
		};
		E4B3972B1FB84311002C5C01 /* Brain MasterTests */ = {
			isa = PBXGroup;
			children = (
				E4B3972C1FB84311002C5C01 /* Brain_MasterTests.swift */,
				E4B3972E1FB84311002C5C01 /* Info.plist */,
			);
			path = "Brain MasterTests";
			sourceTree = "<group>";
		};
		E4B397361FB84311002C5C01 /* Brain MasterUITests */ = {
			isa = PBXGroup;
			children = (
				E4B397371FB84311002C5C01 /* Brain_MasterUITests.swift */,
				E4B397391FB84311002C5C01 /* Info.plist */,
			);
			path = "Brain MasterUITests";
			sourceTree = "<group>";
		};
/* End PBXGroup section */

/* Begin PBXNativeTarget section */
		E4B397131FB84311002C5C01 /* Brain Master */ = {
			isa = PBXNativeTarget;
			buildConfigurationList = E4B3973C1FB84311002C5C01 /* Build configuration list for PBXNativeTarget "Brain Master" */;
			buildPhases = (
				E4B397101FB84311002C5C01 /* Sources */,
				E4B397111FB84311002C5C01 /* Frameworks */,
				E4B397121FB84311002C5C01 /* Resources */,
			);
			buildRules = (
			);
			dependencies = (
			);
			name = "Brain Master";
			productName = "Brain Master";
			productReference = E4B397141FB84311002C5C01 /* Brain Master.app */;
			productType = "com.apple.product-type.application";
		};
		E4B397271FB84311002C5C01 /* Brain MasterTests */ = {
			isa = PBXNativeTarget;
			buildConfigurationList = E4B3973F1FB84311002C5C01 /* Build configuration list for PBXNativeTarget "Brain MasterTests" */;
			buildPhases = (
				E4B397241FB84311002C5C01 /* Sources */,
				E4B397251FB84311002C5C01 /* Frameworks */,
				E4B397261FB84311002C5C01 /* Resources */,
			);
			buildRules = (
			);
			dependencies = (
				E4B3972A1FB84311002C5C01 /* PBXTargetDependency */,
			);
			name = "Brain MasterTests";
			productName = "Brain MasterTests";
			productReference = E4B397281FB84311002C5C01 /* Brain MasterTests.xctest */;
			productType = "com.apple.product-type.bundle.unit-test";
		};
		E4B397321FB84311002C5C01 /* Brain MasterUITests */ = {
			isa = PBXNativeTarget;
			buildConfigurationList = E4B397421FB84311002C5C01 /* Build configuration list for PBXNativeTarget "Brain MasterUITests" */;
			buildPhases = (
				E4B3972F1FB84311002C5C01 /* Sources */,
				E4B397301FB84311002C5C01 /* Frameworks */,
				E4B397311FB84311002C5C01 /* Resources */,
			);
			buildRules = (
			);
			dependencies = (
				E4B397351FB84311002C5C01 /* PBXTargetDependency */,
			);
			name = "Brain MasterUITests";
			productName = "Brain MasterUITests";
			productReference = E4B397331FB84311002C5C01 /* Brain MasterUITests.xctest */;
			productType = "com.apple.product-type.bundle.ui-testing";
		};
/* End PBXNativeTarget section */

/* Begin PBXProject section */
		E4B3970C1FB84311002C5C01 /* Project object */ = {
			isa = PBXProject;
			attributes = {
				LastSwiftUpdateCheck = 0900;
				LastUpgradeCheck = 0900;
				ORGANIZATIONNAME = Sopan;
				TargetAttributes = {
					E4B397131FB84311002C5C01 = {
						CreatedOnToolsVersion = 9.0.1;
						ProvisioningStyle = Automatic;
					};
					E4B397271FB84311002C5C01 = {
						CreatedOnToolsVersion = 9.0.1;
						ProvisioningStyle = Automatic;
						TestTargetID = E4B397131FB84311002C5C01;
					};
					E4B397321FB84311002C5C01 = {
						CreatedOnToolsVersion = 9.0.1;
						ProvisioningStyle = Automatic;
						TestTargetID = E4B397131FB84311002C5C01;
					};
				};
			};
			buildConfigurationList = E4B3970F1FB84311002C5C01 /* Build configuration list for PBXProject "Brain Master" */;
			compatibilityVersion = "Xcode 8.0";
			developmentRegion = en;
			hasScannedForEncodings = 0;
			knownRegions = (
				en,
				Base,
			);
			mainGroup = E4B3970B1FB84311002C5C01;
			productRefGroup = E4B397151FB84311002C5C01 /* Products */;
			projectDirPath = "";
			projectRoot = "";
			targets = (
				E4B397131FB84311002C5C01 /* Brain Master */,
				E4B397271FB84311002C5C01 /* Brain MasterTests */,
				E4B397321FB84311002C5C01 /* Brain MasterUITests */,
			);
		};
/* End PBXProject section */

/* Begin PBXResourcesBuildPhase section */
		E4B397121FB84311002C5C01 /* Resources */ = {
			isa = PBXResourcesBuildPhase;
			buildActionMask = 2147483647;
			files = (
				E4B397221FB84311002C5C01 /* LaunchScreen.storyboard in Resources */,
				E4B34B611FB8B0430093D947 /* right.mp3 in Resources */,
				E4B34B671FB8BA270093D947 /* wrong1.mp3 in Resources */,
				E4B3971F1FB84311002C5C01 /* Assets.xcassets in Resources */,
				E4B3971D1FB84311002C5C01 /* Main.storyboard in Resources */,
			);
			runOnlyForDeploymentPostprocessing = 0;
		};
		E4B397261FB84311002C5C01 /* Resources */ = {
			isa = PBXResourcesBuildPhase;
			buildActionMask = 2147483647;
			files = (
			);
			runOnlyForDeploymentPostprocessing = 0;
		};
		E4B397311FB84311002C5C01 /* Resources */ = {
			isa = PBXResourcesBuildPhase;
			buildActionMask = 2147483647;
			files = (
			);
			runOnlyForDeploymentPostprocessing = 0;
		};
/* End PBXResourcesBuildPhase section */

/* Begin PBXSourcesBuildPhase section */
		E4B397101FB84311002C5C01 /* Sources */ = {
			isa = PBXSourcesBuildPhase;
			buildActionMask = 2147483647;
			files = (
				E4B34B681FB8BC7D0093D947 /* MainViewController.swift in Sources */,
				E4A778021FB84AB400753BAF /* SelectViewController.swift in Sources */,
				E4A778061FB84FCE00753BAF /* GKChoiceViewController.swift in Sources */,
				E4A778041FB84FBA00753BAF /* MathsChoiceViewController.swift in Sources */,
				E4B3971A1FB84311002C5C01 /* ViewController.swift in Sources */,
				E4A778001FB845AE00753BAF /* View2Controller.swift in Sources */,
				E4B397181FB84311002C5C01 /* AppDelegate.swift in Sources */,
			);
			runOnlyForDeploymentPostprocessing = 0;
		};
		E4B397241FB84311002C5C01 /* Sources */ = {
			isa = PBXSourcesBuildPhase;
			buildActionMask = 2147483647;
			files = (
				E4B3972D1FB84311002C5C01 /* Brain_MasterTests.swift in Sources */,
			);
			runOnlyForDeploymentPostprocessing = 0;
		};
		E4B3972F1FB84311002C5C01 /* Sources */ = {
			isa = PBXSourcesBuildPhase;
			buildActionMask = 2147483647;
			files = (
				E4B397381FB84311002C5C01 /* Brain_MasterUITests.swift in Sources */,
			);
			runOnlyForDeploymentPostprocessing = 0;
		};
/* End PBXSourcesBuildPhase section */

/* Begin PBXTargetDependency section */
		E4B3972A1FB84311002C5C01 /* PBXTargetDependency */ = {
			isa = PBXTargetDependency;
			target = E4B397131FB84311002C5C01 /* Brain Master */;
			targetProxy = E4B397291FB84311002C5C01 /* PBXContainerItemProxy */;
		};
		E4B397351FB84311002C5C01 /* PBXTargetDependency */ = {
			isa = PBXTargetDependency;
			target = E4B397131FB84311002C5C01 /* Brain Master */;
			targetProxy = E4B397341FB84311002C5C01 /* PBXContainerItemProxy */;
		};
/* End PBXTargetDependency section */

/* Begin PBXVariantGroup section */
		E4B3971B1FB84311002C5C01 /* Main.storyboard */ = {
			isa = PBXVariantGroup;
			children = (
				E4B3971C1FB84311002C5C01 /* Base */,
			);
			name = Main.storyboard;
			sourceTree = "<group>";
		};
		E4B397201FB84311002C5C01 /* LaunchScreen.storyboard */ = {
			isa = PBXVariantGroup;
			children = (
				E4B397211FB84311002C5C01 /* Base */,
			);
			name = LaunchScreen.storyboard;
			sourceTree = "<group>";
		};
/* End PBXVariantGroup section */

/* Begin XCBuildConfiguration section */
		E4B3973A1FB84311002C5C01 /* Debug */ = {
			isa = XCBuildConfiguration;
			buildSettings = {
				ALWAYS_SEARCH_USER_PATHS = NO;
				CLANG_ANALYZER_NONNULL = YES;
				CLANG_ANALYZER_NUMBER_OBJECT_CONVERSION = YES_AGGRESSIVE;
				CLANG_CXX_LANGUAGE_STANDARD = "gnu++14";
				CLANG_CXX_LIBRARY = "libc++";
				CLANG_ENABLE_MODULES = YES;
				CLANG_ENABLE_OBJC_ARC = YES;
				CLANG_WARN_BLOCK_CAPTURE_AUTORELEASING = YES;
				CLANG_WARN_BOOL_CONVERSION = YES;
				CLANG_WARN_COMMA = YES;
				CLANG_WARN_CONSTANT_CONVERSION = YES;
				CLANG_WARN_DIRECT_OBJC_ISA_USAGE = YES_ERROR;
				CLANG_WARN_DOCUMENTATION_COMMENTS = YES;
				CLANG_WARN_EMPTY_BODY = YES;
				CLANG_WARN_ENUM_CONVERSION = YES;
				CLANG_WARN_INFINITE_RECURSION = YES;
				CLANG_WARN_INT_CONVERSION = YES;
				CLANG_WARN_NON_LITERAL_NULL_CONVERSION = YES;
				CLANG_WARN_OBJC_LITERAL_CONVERSION = YES;
				CLANG_WARN_OBJC_ROOT_CLASS = YES_ERROR;
				CLANG_WARN_RANGE_LOOP_ANALYSIS = YES;
				CLANG_WARN_STRICT_PROTOTYPES = YES;
				CLANG_WARN_SUSPICIOUS_MOVE = YES;
				CLANG_WARN_UNGUARDED_AVAILABILITY = YES_AGGRESSIVE;
				CLANG_WARN_UNREACHABLE_CODE = YES;
				CLANG_WARN__DUPLICATE_METHOD_MATCH = YES;
				CODE_SIGN_IDENTITY = "iPhone Developer";
				COPY_PHASE_STRIP = NO;
				DEBUG_INFORMATION_FORMAT = dwarf;
				ENABLE_STRICT_OBJC_MSGSEND = YES;
				ENABLE_TESTABILITY = YES;
				GCC_C_LANGUAGE_STANDARD = gnu11;
				GCC_DYNAMIC_NO_PIC = NO;
				GCC_NO_COMMON_BLOCKS = YES;
				GCC_OPTIMIZATION_LEVEL = 0;
				GCC_PREPROCESSOR_DEFINITIONS = (
					"DEBUG=1",
					"$(inherited)",
				);
				GCC_WARN_64_TO_32_BIT_CONVERSION = YES;
				GCC_WARN_ABOUT_RETURN_TYPE = YES_ERROR;
				GCC_WARN_UNDECLARED_SELECTOR = YES;
				GCC_WARN_UNINITIALIZED_AUTOS = YES_AGGRESSIVE;
				GCC_WARN_UNUSED_FUNCTION = YES;
				GCC_WARN_UNUSED_VARIABLE = YES;
				IPHONEOS_DEPLOYMENT_TARGET = 11.0;
				MTL_ENABLE_DEBUG_INFO = YES;
				ONLY_ACTIVE_ARCH = YES;
				SDKROOT = iphoneos;
				SWIFT_ACTIVE_COMPILATION_CONDITIONS = DEBUG;
				SWIFT_OPTIMIZATION_LEVEL = "-Onone";
			};
			name = Debug;
		};
		E4B3973B1FB84311002C5C01 /* Release */ = {
			isa = XCBuildConfiguration;
			buildSettings = {
				ALWAYS_SEARCH_USER_PATHS = NO;
				CLANG_ANALYZER_NONNULL = YES;
				CLANG_ANALYZER_NUMBER_OBJECT_CONVERSION = YES_AGGRESSIVE;
				CLANG_CXX_LANGUAGE_STANDARD = "gnu++14";
				CLANG_CXX_LIBRARY = "libc++";
				CLANG_ENABLE_MODULES = YES;
				CLANG_ENABLE_OBJC_ARC = YES;
				CLANG_WARN_BLOCK_CAPTURE_AUTORELEASING = YES;
				CLANG_WARN_BOOL_CONVERSION = YES;
				CLANG_WARN_COMMA = YES;
				CLANG_WARN_CONSTANT_CONVERSION = YES;
				CLANG_WARN_DIRECT_OBJC_ISA_USAGE = YES_ERROR;
				CLANG_WARN_DOCUMENTATION_COMMENTS = YES;
				CLANG_WARN_EMPTY_BODY = YES;
				CLANG_WARN_ENUM_CONVERSION = YES;
				CLANG_WARN_INFINITE_RECURSION = YES;
				CLANG_WARN_INT_CONVERSION = YES;
				CLANG_WARN_NON_LITERAL_NULL_CONVERSION = YES;
				CLANG_WARN_OBJC_LITERAL_CONVERSION = YES;
				CLANG_WARN_OBJC_ROOT_CLASS = YES_ERROR;
				CLANG_WARN_RANGE_LOOP_ANALYSIS = YES;
				CLANG_WARN_STRICT_PROTOTYPES = YES;
				CLANG_WARN_SUSPICIOUS_MOVE = YES;
				CLANG_WARN_UNGUARDED_AVAILABILITY = YES_AGGRESSIVE;
				CLANG_WARN_UNREACHABLE_CODE = YES;
				CLANG_WARN__DUPLICATE_METHOD_MATCH = YES;
				CODE_SIGN_IDENTITY = "iPhone Developer";
				COPY_PHASE_STRIP = NO;
				DEBUG_INFORMATION_FORMAT = "dwarf-with-dsym";
				ENABLE_NS_ASSERTIONS = NO;
				ENABLE_STRICT_OBJC_MSGSEND = YES;
				GCC_C_LANGUAGE_STANDARD = gnu11;
				GCC_NO_COMMON_BLOCKS = YES;
				GCC_WARN_64_TO_32_BIT_CONVERSION = YES;
				GCC_WARN_ABOUT_RETURN_TYPE = YES_ERROR;
				GCC_WARN_UNDECLARED_SELECTOR = YES;
				GCC_WARN_UNINITIALIZED_AUTOS = YES_AGGRESSIVE;
				GCC_WARN_UNUSED_FUNCTION = YES;
				GCC_WARN_UNUSED_VARIABLE = YES;
				IPHONEOS_DEPLOYMENT_TARGET = 11.0;
				MTL_ENABLE_DEBUG_INFO = NO;
				SDKROOT = iphoneos;
				SWIFT_OPTIMIZATION_LEVEL = "-Owholemodule";
				VALIDATE_PRODUCT = YES;
			};
			name = Release;
		};
		E4B3973D1FB84311002C5C01 /* Debug */ = {
			isa = XCBuildConfiguration;
			buildSettings = {
				ASSETCATALOG_COMPILER_APPICON_NAME = AppIcon;
				CODE_SIGN_STYLE = Automatic;
				INFOPLIST_FILE = "Brain Master/Info.plist";
				LD_RUNPATH_SEARCH_PATHS = "$(inherited) @executable_path/Frameworks";
				PRODUCT_BUNDLE_IDENTIFIER = "Hello.Brain-Master";
				PRODUCT_NAME = "$(TARGET_NAME)";
				SWIFT_VERSION = 4.0;
				TARGETED_DEVICE_FAMILY = "1,2";
			};
			name = Debug;
		};
		E4B3973E1FB84311002C5C01 /* Release */ = {
			isa = XCBuildConfiguration;
			buildSettings = {
				ASSETCATALOG_COMPILER_APPICON_NAME = AppIcon;
				CODE_SIGN_STYLE = Automatic;
				INFOPLIST_FILE = "Brain Master/Info.plist";
				LD_RUNPATH_SEARCH_PATHS = "$(inherited) @executable_path/Frameworks";
				PRODUCT_BUNDLE_IDENTIFIER = "Hello.Brain-Master";
				PRODUCT_NAME = "$(TARGET_NAME)";
				SWIFT_VERSION = 4.0;
				TARGETED_DEVICE_FAMILY = "1,2";
			};
			name = Release;
		};
		E4B397401FB84311002C5C01 /* Debug */ = {
			isa = XCBuildConfiguration;
			buildSettings = {
				ALWAYS_EMBED_SWIFT_STANDARD_LIBRARIES = YES;
				BUNDLE_LOADER = "$(TEST_HOST)";
				CODE_SIGN_STYLE = Automatic;
				INFOPLIST_FILE = "Brain MasterTests/Info.plist";
				LD_RUNPATH_SEARCH_PATHS = "$(inherited) @executable_path/Frameworks @loader_path/Frameworks";
				PRODUCT_BUNDLE_IDENTIFIER = "Hello.Brain-MasterTests";
				PRODUCT_NAME = "$(TARGET_NAME)";
				SWIFT_VERSION = 4.0;
				TARGETED_DEVICE_FAMILY = "1,2";
				TEST_HOST = "$(BUILT_PRODUCTS_DIR)/Brain Master.app/Brain Master";
			};
			name = Debug;
		};
		E4B397411FB84311002C5C01 /* Release */ = {
			isa = XCBuildConfiguration;
			buildSettings = {
				ALWAYS_EMBED_SWIFT_STANDARD_LIBRARIES = YES;
				BUNDLE_LOADER = "$(TEST_HOST)";
				CODE_SIGN_STYLE = Automatic;
				INFOPLIST_FILE = "Brain MasterTests/Info.plist";
				LD_RUNPATH_SEARCH_PATHS = "$(inherited) @executable_path/Frameworks @loader_path/Frameworks";
				PRODUCT_BUNDLE_IDENTIFIER = "Hello.Brain-MasterTests";
				PRODUCT_NAME = "$(TARGET_NAME)";
				SWIFT_VERSION = 4.0;
				TARGETED_DEVICE_FAMILY = "1,2";
				TEST_HOST = "$(BUILT_PRODUCTS_DIR)/Brain Master.app/Brain Master";
			};
			name = Release;
		};
		E4B397431FB84311002C5C01 /* Debug */ = {
			isa = XCBuildConfiguration;
			buildSettings = {
				ALWAYS_EMBED_SWIFT_STANDARD_LIBRARIES = YES;
				CODE_SIGN_STYLE = Automatic;
				INFOPLIST_FILE = "Brain MasterUITests/Info.plist";
				LD_RUNPATH_SEARCH_PATHS = "$(inherited) @executable_path/Frameworks @loader_path/Frameworks";
				PRODUCT_BUNDLE_IDENTIFIER = "Hello.Brain-MasterUITests";
				PRODUCT_NAME = "$(TARGET_NAME)";
				SWIFT_VERSION = 4.0;
				TARGETED_DEVICE_FAMILY = "1,2";
				TEST_TARGET_NAME = "Brain Master";
			};
			name = Debug;
		};
		E4B397441FB84311002C5C01 /* Release */ = {
			isa = XCBuildConfiguration;
			buildSettings = {
				ALWAYS_EMBED_SWIFT_STANDARD_LIBRARIES = YES;
				CODE_SIGN_STYLE = Automatic;
				INFOPLIST_FILE = "Brain MasterUITests/Info.plist";
				LD_RUNPATH_SEARCH_PATHS = "$(inherited) @executable_path/Frameworks @loader_path/Frameworks";
				PRODUCT_BUNDLE_IDENTIFIER = "Hello.Brain-MasterUITests";
				PRODUCT_NAME = "$(TARGET_NAME)";
				SWIFT_VERSION = 4.0;
				TARGETED_DEVICE_FAMILY = "1,2";
				TEST_TARGET_NAME = "Brain Master";
			};
			name = Release;
		};
/* End XCBuildConfiguration section */

/* Begin XCConfigurationList section */
		E4B3970F1FB84311002C5C01 /* Build configuration list for PBXProject "Brain Master" */ = {
			isa = XCConfigurationList;
			buildConfigurations = (
				E4B3973A1FB84311002C5C01 /* Debug */,
				E4B3973B1FB84311002C5C01 /* Release */,
			);
			defaultConfigurationIsVisible = 0;
			defaultConfigurationName = Release;
		};
		E4B3973C1FB84311002C5C01 /* Build configuration list for PBXNativeTarget "Brain Master" */ = {
			isa = XCConfigurationList;
			buildConfigurations = (
				E4B3973D1FB84311002C5C01 /* Debug */,
				E4B3973E1FB84311002C5C01 /* Release */,
			);
			defaultConfigurationIsVisible = 0;
			defaultConfigurationName = Release;
		};
		E4B3973F1FB84311002C5C01 /* Build configuration list for PBXNativeTarget "Brain MasterTests" */ = {
			isa = XCConfigurationList;
			buildConfigurations = (
				E4B397401FB84311002C5C01 /* Debug */,
				E4B397411FB84311002C5C01 /* Release */,
			);
			defaultConfigurationIsVisible = 0;
			defaultConfigurationName = Release;
		};
		E4B397421FB84311002C5C01 /* Build configuration list for PBXNativeTarget "Brain MasterUITests" */ = {
			isa = XCConfigurationList;
			buildConfigurations = (
				E4B397431FB84311002C5C01 /* Debug */,
				E4B397441FB84311002C5C01 /* Release */,
			);
			defaultConfigurationIsVisible = 0;
			defaultConfigurationName = Release;
		};
/* End XCConfigurationList section */
	};
	rootObject = E4B3970C1FB84311002C5C01 /* Project object */;
}
